// !$*UTF8*$!
{
	archiveVersion = 1;
	classes = {
	};
	objectVersion = 50;
	objects = {

/* Begin PBXBuildFile section */
		3F49036D272253B500BA155D /* ViewSetUpAndConstants.swift in Sources */ = {isa = PBXBuildFile; fileRef = 3F49036C272253B500BA155D /* ViewSetUpAndConstants.swift */; };
		3F6CEB8D271CE04B0098113F /* NoCommentTableViewCell.swift in Sources */ = {isa = PBXBuildFile; fileRef = 3F6CEB8C271CE04B0098113F /* NoCommentTableViewCell.swift */; };
		3F6CEB8F271CE05B0098113F /* CommentTableViewCell.swift in Sources */ = {isa = PBXBuildFile; fileRef = 3F6CEB8E271CE05B0098113F /* CommentTableViewCell.swift */; };
		3F6CEB91271CE06B0098113F /* TextFieldTableViewCell.swift in Sources */ = {isa = PBXBuildFile; fileRef = 3F6CEB90271CE06B0098113F /* TextFieldTableViewCell.swift */; };
		3F6CEB95271D057B0098113F /* HeaderView.swift in Sources */ = {isa = PBXBuildFile; fileRef = 3F6CEB94271D057B0098113F /* HeaderView.swift */; };
		3F9AAD4E271B896000B227A3 /* AppDelegate.swift in Sources */ = {isa = PBXBuildFile; fileRef = 3F9AAD4D271B896000B227A3 /* AppDelegate.swift */; };
		3F9AAD50271B896000B227A3 /* SceneDelegate.swift in Sources */ = {isa = PBXBuildFile; fileRef = 3F9AAD4F271B896000B227A3 /* SceneDelegate.swift */; };
		3F9AAD52271B896000B227A3 /* MainNC.swift in Sources */ = {isa = PBXBuildFile; fileRef = 3F9AAD51271B896000B227A3 /* MainNC.swift */; };
		3F9AAD57271B896800B227A3 /* Assets.xcassets in Resources */ = {isa = PBXBuildFile; fileRef = 3F9AAD56271B896800B227A3 /* Assets.xcassets */; };
		3F9AAD62271B8A0200B227A3 /* MainTableViewController.swift in Sources */ = {isa = PBXBuildFile; fileRef = 3F9AAD61271B8A0100B227A3 /* MainTableViewController.swift */; };
		3F9AAD64271B8A1C00B227A3 /* DataStructs.swift in Sources */ = {isa = PBXBuildFile; fileRef = 3F9AAD63271B8A1C00B227A3 /* DataStructs.swift */; };
		3F9AAD66271B8C5800B227A3 /* DataSource.swift in Sources */ = {isa = PBXBuildFile; fileRef = 3F9AAD65271B8C5800B227A3 /* DataSource.swift */; };
		3F9AAD69271BBC5200B227A3 /* FacilityRiskAssessmentTableViewController.swift in Sources */ = {isa = PBXBuildFile; fileRef = 3F9AAD68271BBC5200B227A3 /* FacilityRiskAssessmentTableViewController.swift */; };
/* End PBXBuildFile section */

/* Begin PBXFileReference section */
		3F49036C272253B500BA155D /* ViewSetUpAndConstants.swift */ = {isa = PBXFileReference; lastKnownFileType = sourcecode.swift; path = ViewSetUpAndConstants.swift; sourceTree = "<group>"; };
		3F6CEB8C271CE04B0098113F /* NoCommentTableViewCell.swift */ = {isa = PBXFileReference; lastKnownFileType = sourcecode.swift; path = NoCommentTableViewCell.swift; sourceTree = "<group>"; };
		3F6CEB8E271CE05B0098113F /* CommentTableViewCell.swift */ = {isa = PBXFileReference; lastKnownFileType = sourcecode.swift; path = CommentTableViewCell.swift; sourceTree = "<group>"; };
		3F6CEB90271CE06B0098113F /* TextFieldTableViewCell.swift */ = {isa = PBXFileReference; lastKnownFileType = sourcecode.swift; path = TextFieldTableViewCell.swift; sourceTree = "<group>"; };
		3F6CEB94271D057B0098113F /* HeaderView.swift */ = {isa = PBXFileReference; lastKnownFileType = sourcecode.swift; path = HeaderView.swift; sourceTree = "<group>"; };
		3F9AAD4A271B896000B227A3 /* CropSearch.app */ = {isa = PBXFileReference; explicitFileType = wrapper.application; includeInIndex = 0; path = CropSearch.app; sourceTree = BUILT_PRODUCTS_DIR; };
		3F9AAD4D271B896000B227A3 /* AppDelegate.swift */ = {isa = PBXFileReference; lastKnownFileType = sourcecode.swift; path = AppDelegate.swift; sourceTree = "<group>"; };
		3F9AAD4F271B896000B227A3 /* SceneDelegate.swift */ = {isa = PBXFileReference; lastKnownFileType = sourcecode.swift; path = SceneDelegate.swift; sourceTree = "<group>"; };
		3F9AAD51271B896000B227A3 /* MainNC.swift */ = {isa = PBXFileReference; lastKnownFileType = sourcecode.swift; path = MainNC.swift; sourceTree = "<group>"; };
		3F9AAD56271B896800B227A3 /* Assets.xcassets */ = {isa = PBXFileReference; lastKnownFileType = folder.assetcatalog; path = Assets.xcassets; sourceTree = "<group>"; };
		3F9AAD5B271B896800B227A3 /* Info.plist */ = {isa = PBXFileReference; lastKnownFileType = text.plist.xml; path = Info.plist; sourceTree = "<group>"; };
		3F9AAD61271B8A0100B227A3 /* MainTableViewController.swift */ = {isa = PBXFileReference; lastKnownFileType = sourcecode.swift; path = MainTableViewController.swift; sourceTree = "<group>"; };
		3F9AAD63271B8A1C00B227A3 /* DataStructs.swift */ = {isa = PBXFileReference; lastKnownFileType = sourcecode.swift; path = DataStructs.swift; sourceTree = "<group>"; };
		3F9AAD65271B8C5800B227A3 /* DataSource.swift */ = {isa = PBXFileReference; lastKnownFileType = sourcecode.swift; path = DataSource.swift; sourceTree = "<group>"; };
		3F9AAD68271BBC5200B227A3 /* FacilityRiskAssessmentTableViewController.swift */ = {isa = PBXFileReference; lastKnownFileType = sourcecode.swift; path = FacilityRiskAssessmentTableViewController.swift; sourceTree = "<group>"; };
/* End PBXFileReference section */

/* Begin PBXFrameworksBuildPhase section */
		3F9AAD47271B896000B227A3 /* Frameworks */ = {
			isa = PBXFrameworksBuildPhase;
			buildActionMask = 2147483647;
			files = (
			);
			runOnlyForDeploymentPostprocessing = 0;
		};
/* End PBXFrameworksBuildPhase section */

/* Begin PBXGroup section */
		3F6CEB92271CE08E0098113F /* Table View Cells */ = {
			isa = PBXGroup;
			children = (
				3F6CEB94271D057B0098113F /* HeaderView.swift */,
				3F6CEB8C271CE04B0098113F /* NoCommentTableViewCell.swift */,
				3F6CEB8E271CE05B0098113F /* CommentTableViewCell.swift */,
				3F6CEB90271CE06B0098113F /* TextFieldTableViewCell.swift */,
			);
			path = "Table View Cells";
			sourceTree = "<group>";
		};
		3F6CEB93271CE09B0098113F /* View Controllers */ = {
			isa = PBXGroup;
			children = (
				3F9AAD51271B896000B227A3 /* MainNC.swift */,
				3F9AAD61271B8A0100B227A3 /* MainTableViewController.swift */,
				3F9AAD68271BBC5200B227A3 /* FacilityRiskAssessmentTableViewController.swift */,
			);
			path = "View Controllers";
			sourceTree = "<group>";
		};
		3F9AAD41271B896000B227A3 = {
			isa = PBXGroup;
			children = (
				3F9AAD4C271B896000B227A3 /* CropSearch */,
				3F9AAD4B271B896000B227A3 /* Products */,
			);
			sourceTree = "<group>";
		};
		3F9AAD4B271B896000B227A3 /* Products */ = {
			isa = PBXGroup;
			children = (
				3F9AAD4A271B896000B227A3 /* CropSearch.app */,
			);
			name = Products;
			sourceTree = "<group>";
		};
		3F9AAD4C271B896000B227A3 /* CropSearch */ = {
			isa = PBXGroup;
			children = (
				3F9AAD4D271B896000B227A3 /* AppDelegate.swift */,
				3F9AAD4F271B896000B227A3 /* SceneDelegate.swift */,
				3F49036C272253B500BA155D /* ViewSetUpAndConstants.swift */,
				3F9AAD67271BBB3200B227A3 /* Data */,
				3F6CEB93271CE09B0098113F /* View Controllers */,
				3F6CEB92271CE08E0098113F /* Table View Cells */,
				3F9AAD56271B896800B227A3 /* Assets.xcassets */,
				3F9AAD5B271B896800B227A3 /* Info.plist */,
			);
			path = CropSearch;
			sourceTree = "<group>";
		};
		3F9AAD67271BBB3200B227A3 /* Data */ = {
			isa = PBXGroup;
			children = (
				3F9AAD63271B8A1C00B227A3 /* DataStructs.swift */,
				3F9AAD65271B8C5800B227A3 /* DataSource.swift */,
			);
			path = Data;
			sourceTree = "<group>";
		};
/* End PBXGroup section */

/* Begin PBXNativeTarget section */
		3F9AAD49271B896000B227A3 /* CropSearch */ = {
			isa = PBXNativeTarget;
			buildConfigurationList = 3F9AAD5E271B896800B227A3 /* Build configuration list for PBXNativeTarget "CropSearch" */;
			buildPhases = (
				3F9AAD46271B896000B227A3 /* Sources */,
				3F9AAD47271B896000B227A3 /* Frameworks */,
				3F9AAD48271B896000B227A3 /* Resources */,
			);
			buildRules = (
			);
			dependencies = (
			);
			name = CropSearch;
			productName = CropSearch;
			productReference = 3F9AAD4A271B896000B227A3 /* CropSearch.app */;
			productType = "com.apple.product-type.application";
		};
/* End PBXNativeTarget section */

/* Begin PBXProject section */
		3F9AAD42271B896000B227A3 /* Project object */ = {
			isa = PBXProject;
			attributes = {
				LastSwiftUpdateCheck = 1250;
				LastUpgradeCheck = 1250;
				TargetAttributes = {
					3F9AAD49271B896000B227A3 = {
						CreatedOnToolsVersion = 12.5.1;
					};
				};
			};
			buildConfigurationList = 3F9AAD45271B896000B227A3 /* Build configuration list for PBXProject "CropSearch" */;
			compatibilityVersion = "Xcode 9.3";
			developmentRegion = en;
			hasScannedForEncodings = 0;
			knownRegions = (
				en,
				Base,
			);
			mainGroup = 3F9AAD41271B896000B227A3;
			productRefGroup = 3F9AAD4B271B896000B227A3 /* Products */;
			projectDirPath = "";
			projectRoot = "";
			targets = (
				3F9AAD49271B896000B227A3 /* CropSearch */,
			);
		};
/* End PBXProject section */

/* Begin PBXResourcesBuildPhase section */
		3F9AAD48271B896000B227A3 /* Resources */ = {
			isa = PBXResourcesBuildPhase;
			buildActionMask = 2147483647;
			files = (
				3F9AAD57271B896800B227A3 /* Assets.xcassets in Resources */,
			);
			runOnlyForDeploymentPostprocessing = 0;
		};
/* End PBXResourcesBuildPhase section */

/* Begin PBXSourcesBuildPhase section */
		3F9AAD46271B896000B227A3 /* Sources */ = {
			isa = PBXSourcesBuildPhase;
			buildActionMask = 2147483647;
			files = (
				3F9AAD66271B8C5800B227A3 /* DataSource.swift in Sources */,
				3F9AAD62271B8A0200B227A3 /* MainTableViewController.swift in Sources */,
				3F6CEB8D271CE04B0098113F /* NoCommentTableViewCell.swift in Sources */,
				3F9AAD52271B896000B227A3 /* MainNC.swift in Sources */,
				3F49036D272253B500BA155D /* ViewSetUpAndConstants.swift in Sources */,
				3F6CEB8F271CE05B0098113F /* CommentTableViewCell.swift in Sources */,
				3F9AAD4E271B896000B227A3 /* AppDelegate.swift in Sources */,
				3F9AAD64271B8A1C00B227A3 /* DataStructs.swift in Sources */,
				3F6CEB95271D057B0098113F /* HeaderView.swift in Sources */,
				3F9AAD50271B896000B227A3 /* SceneDelegate.swift in Sources */,
				3F9AAD69271BBC5200B227A3 /* FacilityRiskAssessmentTableViewController.swift in Sources */,
				3F6CEB91271CE06B0098113F /* TextFieldTableViewCell.swift in Sources */,
			);
			runOnlyForDeploymentPostprocessing = 0;
		};
/* End PBXSourcesBuildPhase section */

/* Begin XCBuildConfiguration section */
		3F9AAD5C271B896800B227A3 /* Debug */ = {
			isa = XCBuildConfiguration;
			buildSettings = {
				ALWAYS_SEARCH_USER_PATHS = NO;
				CLANG_ANALYZER_NONNULL = YES;
				CLANG_ANALYZER_NUMBER_OBJECT_CONVERSION = YES_AGGRESSIVE;
				CLANG_CXX_LANGUAGE_STANDARD = "gnu++14";
				CLANG_CXX_LIBRARY = "libc++";
				CLANG_ENABLE_MODULES = YES;
				CLANG_ENABLE_OBJC_ARC = YES;
				CLANG_ENABLE_OBJC_WEAK = YES;
				CLANG_WARN_BLOCK_CAPTURE_AUTORELEASING = YES;
				CLANG_WARN_BOOL_CONVERSION = YES;
				CLANG_WARN_COMMA = YES;
				CLANG_WARN_CONSTANT_CONVERSION = YES;
				CLANG_WARN_DEPRECATED_OBJC_IMPLEMENTATIONS = YES;
				CLANG_WARN_DIRECT_OBJC_ISA_USAGE = YES_ERROR;
				CLANG_WARN_DOCUMENTATION_COMMENTS = YES;
				CLANG_WARN_EMPTY_BODY = YES;
				CLANG_WARN_ENUM_CONVERSION = YES;
				CLANG_WARN_INFINITE_RECURSION = YES;
				CLANG_WARN_INT_CONVERSION = YES;
				CLANG_WARN_NON_LITERAL_NULL_CONVERSION = YES;
				CLANG_WARN_OBJC_IMPLICIT_RETAIN_SELF = YES;
				CLANG_WARN_OBJC_LITERAL_CONVERSION = YES;
				CLANG_WARN_OBJC_ROOT_CLASS = YES_ERROR;
				CLANG_WARN_QUOTED_INCLUDE_IN_FRAMEWORK_HEADER = YES;
				CLANG_WARN_RANGE_LOOP_ANALYSIS = YES;
				CLANG_WARN_STRICT_PROTOTYPES = YES;
				CLANG_WARN_SUSPICIOUS_MOVE = YES;
				CLANG_WARN_UNGUARDED_AVAILABILITY = YES_AGGRESSIVE;
				CLANG_WARN_UNREACHABLE_CODE = YES;
				CLANG_WARN__DUPLICATE_METHOD_MATCH = YES;
				COPY_PHASE_STRIP = NO;
				DEBUG_INFORMATION_FORMAT = dwarf;
				ENABLE_STRICT_OBJC_MSGSEND = YES;
				ENABLE_TESTABILITY = YES;
				GCC_C_LANGUAGE_STANDARD = gnu11;
				GCC_DYNAMIC_NO_PIC = NO;
				GCC_NO_COMMON_BLOCKS = YES;
				GCC_OPTIMIZATION_LEVEL = 0;
				GCC_PREPROCESSOR_DEFINITIONS = (
					"DEBUG=1",
					"$(inherited)",
				);
				GCC_WARN_64_TO_32_BIT_CONVERSION = YES;
				GCC_WARN_ABOUT_RETURN_TYPE = YES_ERROR;
				GCC_WARN_UNDECLARED_SELECTOR = YES;
				GCC_WARN_UNINITIALIZED_AUTOS = YES_AGGRESSIVE;
				GCC_WARN_UNUSED_FUNCTION = YES;
				GCC_WARN_UNUSED_VARIABLE = YES;
				IPHONEOS_DEPLOYMENT_TARGET = 14.5;
				MTL_ENABLE_DEBUG_INFO = INCLUDE_SOURCE;
				MTL_FAST_MATH = YES;
				ONLY_ACTIVE_ARCH = YES;
				SDKROOT = iphoneos;
				SWIFT_ACTIVE_COMPILATION_CONDITIONS = DEBUG;
				SWIFT_OPTIMIZATION_LEVEL = "-Onone";
			};
			name = Debug;
		};
		3F9AAD5D271B896800B227A3 /* Release */ = {
			isa = XCBuildConfiguration;
			buildSettings = {
				ALWAYS_SEARCH_USER_PATHS = NO;
				CLANG_ANALYZER_NONNULL = YES;
				CLANG_ANALYZER_NUMBER_OBJECT_CONVERSION = YES_AGGRESSIVE;
				CLANG_CXX_LANGUAGE_STANDARD = "gnu++14";
				CLANG_CXX_LIBRARY = "libc++";
				CLANG_ENABLE_MODULES = YES;
				CLANG_ENABLE_OBJC_ARC = YES;
				CLANG_ENABLE_OBJC_WEAK = YES;
				CLANG_WARN_BLOCK_CAPTURE_AUTORELEASING = YES;
				CLANG_WARN_BOOL_CONVERSION = YES;
				CLANG_WARN_COMMA = YES;
				CLANG_WARN_CONSTANT_CONVERSION = YES;
				CLANG_WARN_DEPRECATED_OBJC_IMPLEMENTATIONS = YES;
				CLANG_WARN_DIRECT_OBJC_ISA_USAGE = YES_ERROR;
				CLANG_WARN_DOCUMENTATION_COMMENTS = YES;
				CLANG_WARN_EMPTY_BODY = YES;
				CLANG_WARN_ENUM_CONVERSION = YES;
				CLANG_WARN_INFINITE_RECURSION = YES;
				CLANG_WARN_INT_CONVERSION = YES;
				CLANG_WARN_NON_LITERAL_NULL_CONVERSION = YES;
				CLANG_WARN_OBJC_IMPLICIT_RETAIN_SELF = YES;
				CLANG_WARN_OBJC_LITERAL_CONVERSION = YES;
				CLANG_WARN_OBJC_ROOT_CLASS = YES_ERROR;
				CLANG_WARN_QUOTED_INCLUDE_IN_FRAMEWORK_HEADER = YES;
				CLANG_WARN_RANGE_LOOP_ANALYSIS = YES;
				CLANG_WARN_STRICT_PROTOTYPES = YES;
				CLANG_WARN_SUSPICIOUS_MOVE = YES;
				CLANG_WARN_UNGUARDED_AVAILABILITY = YES_AGGRESSIVE;
				CLANG_WARN_UNREACHABLE_CODE = YES;
				CLANG_WARN__DUPLICATE_METHOD_MATCH = YES;
				COPY_PHASE_STRIP = NO;
				DEBUG_INFORMATION_FORMAT = "dwarf-with-dsym";
				ENABLE_NS_ASSERTIONS = NO;
				ENABLE_STRICT_OBJC_MSGSEND = YES;
				GCC_C_LANGUAGE_STANDARD = gnu11;
				GCC_NO_COMMON_BLOCKS = YES;
				GCC_WARN_64_TO_32_BIT_CONVERSION = YES;
				GCC_WARN_ABOUT_RETURN_TYPE = YES_ERROR;
				GCC_WARN_UNDECLARED_SELECTOR = YES;
				GCC_WARN_UNINITIALIZED_AUTOS = YES_AGGRESSIVE;
				GCC_WARN_UNUSED_FUNCTION = YES;
				GCC_WARN_UNUSED_VARIABLE = YES;
				IPHONEOS_DEPLOYMENT_TARGET = 14.5;
				MTL_ENABLE_DEBUG_INFO = NO;
				MTL_FAST_MATH = YES;
				SDKROOT = iphoneos;
				SWIFT_COMPILATION_MODE = wholemodule;
				SWIFT_OPTIMIZATION_LEVEL = "-O";
				VALIDATE_PRODUCT = YES;
			};
			name = Release;
		};
		3F9AAD5F271B896800B227A3 /* Debug */ = {
			isa = XCBuildConfiguration;
			buildSettings = {
				ASSETCATALOG_COMPILER_APPICON_NAME = AppIcon;
				ASSETCATALOG_COMPILER_GLOBAL_ACCENT_COLOR_NAME = AccentColor;
				CODE_SIGN_STYLE = Automatic;
				DEVELOPMENT_TEAM = Z72U6D5R28;
				INFOPLIST_FILE = CropSearch/Info.plist;
				LD_RUNPATH_SEARCH_PATHS = (
					"$(inherited)",
					"@executable_path/Frameworks",
				);
				PRODUCT_BUNDLE_IDENTIFIER = jdh314.CropSearch;
				PRODUCT_NAME = "$(TARGET_NAME)";
				SWIFT_VERSION = 5.0;
				TARGETED_DEVICE_FAMILY = "1,2";
			};
			name = Debug;
		};
		3F9AAD60271B896800B227A3 /* Release */ = {
			isa = XCBuildConfiguration;
			buildSettings = {
				ASSETCATALOG_COMPILER_APPICON_NAME = AppIcon;
				ASSETCATALOG_COMPILER_GLOBAL_ACCENT_COLOR_NAME = AccentColor;
				CODE_SIGN_STYLE = Automatic;
				DEVELOPMENT_TEAM = Z72U6D5R28;
				INFOPLIST_FILE = CropSearch/Info.plist;
				LD_RUNPATH_SEARCH_PATHS = (
					"$(inherited)",
					"@executable_path/Frameworks",
				);
				PRODUCT_BUNDLE_IDENTIFIER = jdh314.CropSearch;
				PRODUCT_NAME = "$(TARGET_NAME)";
				SWIFT_VERSION = 5.0;
				TARGETED_DEVICE_FAMILY = "1,2";
			};
			name = Release;
		};
/* End XCBuildConfiguration section */

/* Begin XCConfigurationList section */
		3F9AAD45271B896000B227A3 /* Build configuration list for PBXProject "CropSearch" */ = {
			isa = XCConfigurationList;
			buildConfigurations = (
				3F9AAD5C271B896800B227A3 /* Debug */,
				3F9AAD5D271B896800B227A3 /* Release */,
			);
			defaultConfigurationIsVisible = 0;
			defaultConfigurationName = Release;
		};
		3F9AAD5E271B896800B227A3 /* Build configuration list for PBXNativeTarget "CropSearch" */ = {
			isa = XCConfigurationList;
			buildConfigurations = (
				3F9AAD5F271B896800B227A3 /* Debug */,
				3F9AAD60271B896800B227A3 /* Release */,
			);
			defaultConfigurationIsVisible = 0;
			defaultConfigurationName = Release;
		};
/* End XCConfigurationList section */
	};
	rootObject = 3F9AAD42271B896000B227A3 /* Project object */;
}
